// !$*UTF8*$!
{
	archiveVersion = 1;
	classes = {
	};
	objectVersion = 46;
	objects = {

/* Begin PBXBuildFile section */
		2EDB42441AA32D5800EF0F2D /* AppDelegate.swift in Sources */ = {isa = PBXBuildFile; fileRef = 2EDB42431AA32D5800EF0F2D /* AppDelegate.swift */; };
		2EDB42461AA32D5800EF0F2D /* ViewController.swift in Sources */ = {isa = PBXBuildFile; fileRef = 2EDB42451AA32D5800EF0F2D /* ViewController.swift */; };
		2EDB42481AA32D5800EF0F2D /* Images.xcassets in Resources */ = {isa = PBXBuildFile; fileRef = 2EDB42471AA32D5800EF0F2D /* Images.xcassets */; };
		2EDB424B1AA32D5800EF0F2D /* Main.storyboard in Resources */ = {isa = PBXBuildFile; fileRef = 2EDB42491AA32D5800EF0F2D /* Main.storyboard */; };
		2EDB42571AA32D5800EF0F2D /* MotoRouteTests.swift in Sources */ = {isa = PBXBuildFile; fileRef = 2EDB42561AA32D5800EF0F2D /* MotoRouteTests.swift */; };
/* End PBXBuildFile section */

/* Begin PBXContainerItemProxy section */
		2EDB42511AA32D5800EF0F2D /* PBXContainerItemProxy */ = {
			isa = PBXContainerItemProxy;
			containerPortal = 2EDB42361AA32D5800EF0F2D /* Project object */;
			proxyType = 1;
			remoteGlobalIDString = 2EDB423D1AA32D5800EF0F2D;
			remoteInfo = MotoRoute;
		};
/* End PBXContainerItemProxy section */

/* Begin PBXFileReference section */
		2EDB423E1AA32D5800EF0F2D /* MotoRoute.app */ = {isa = PBXFileReference; explicitFileType = wrapper.application; includeInIndex = 0; path = MotoRoute.app; sourceTree = BUILT_PRODUCTS_DIR; };
		2EDB42421AA32D5800EF0F2D /* Info.plist */ = {isa = PBXFileReference; lastKnownFileType = text.plist.xml; path = Info.plist; sourceTree = "<group>"; };
		2EDB42431AA32D5800EF0F2D /* AppDelegate.swift */ = {isa = PBXFileReference; lastKnownFileType = sourcecode.swift; path = AppDelegate.swift; sourceTree = "<group>"; };
		2EDB42451AA32D5800EF0F2D /* ViewController.swift */ = {isa = PBXFileReference; lastKnownFileType = sourcecode.swift; path = ViewController.swift; sourceTree = "<group>"; };
		2EDB42471AA32D5800EF0F2D /* Images.xcassets */ = {isa = PBXFileReference; lastKnownFileType = folder.assetcatalog; path = Images.xcassets; sourceTree = "<group>"; };
		2EDB424A1AA32D5800EF0F2D /* Base */ = {isa = PBXFileReference; lastKnownFileType = file.storyboard; name = Base; path = Base.lproj/Main.storyboard; sourceTree = "<group>"; };
		2EDB42501AA32D5800EF0F2D /* MotoRouteTests.xctest */ = {isa = PBXFileReference; explicitFileType = wrapper.cfbundle; includeInIndex = 0; path = MotoRouteTests.xctest; sourceTree = BUILT_PRODUCTS_DIR; };
		2EDB42551AA32D5800EF0F2D /* Info.plist */ = {isa = PBXFileReference; lastKnownFileType = text.plist.xml; path = Info.plist; sourceTree = "<group>"; };
		2EDB42561AA32D5800EF0F2D /* MotoRouteTests.swift */ = {isa = PBXFileReference; lastKnownFileType = sourcecode.swift; path = MotoRouteTests.swift; sourceTree = "<group>"; };
/* End PBXFileReference section */

/* Begin PBXFrameworksBuildPhase section */
		2EDB423B1AA32D5800EF0F2D /* Frameworks */ = {
			isa = PBXFrameworksBuildPhase;
			buildActionMask = 2147483647;
			files = (
			);
			runOnlyForDeploymentPostprocessing = 0;
		};
		2EDB424D1AA32D5800EF0F2D /* Frameworks */ = {
			isa = PBXFrameworksBuildPhase;
			buildActionMask = 2147483647;
			files = (
			);
			runOnlyForDeploymentPostprocessing = 0;
		};
/* End PBXFrameworksBuildPhase section */

/* Begin PBXGroup section */
		2EDB42351AA32D5800EF0F2D = {
			isa = PBXGroup;
			children = (
				2EDB42401AA32D5800EF0F2D /* MotoRoute */,
				2EDB42531AA32D5800EF0F2D /* MotoRouteTests */,
				2EDB423F1AA32D5800EF0F2D /* Products */,
			);
			sourceTree = "<group>";
		};
		2EDB423F1AA32D5800EF0F2D /* Products */ = {
			isa = PBXGroup;
			children = (
				2EDB423E1AA32D5800EF0F2D /* MotoRoute.app */,
				2EDB42501AA32D5800EF0F2D /* MotoRouteTests.xctest */,
			);
			name = Products;
			sourceTree = "<group>";
		};
		2EDB42401AA32D5800EF0F2D /* MotoRoute */ = {
			isa = PBXGroup;
			children = (
				2EDB42431AA32D5800EF0F2D /* AppDelegate.swift */,
				2EDB42451AA32D5800EF0F2D /* ViewController.swift */,
				2EDB42471AA32D5800EF0F2D /* Images.xcassets */,
				2EDB42491AA32D5800EF0F2D /* Main.storyboard */,
				2EDB42411AA32D5800EF0F2D /* Supporting Files */,
			);
			path = MotoRoute;
			sourceTree = "<group>";
		};
		2EDB42411AA32D5800EF0F2D /* Supporting Files */ = {
			isa = PBXGroup;
			children = (
				2EDB42421AA32D5800EF0F2D /* Info.plist */,
			);
			name = "Supporting Files";
			sourceTree = "<group>";
		};
		2EDB42531AA32D5800EF0F2D /* MotoRouteTests */ = {
			isa = PBXGroup;
			children = (
				2EDB42561AA32D5800EF0F2D /* MotoRouteTests.swift */,
				2EDB42541AA32D5800EF0F2D /* Supporting Files */,
			);
			path = MotoRouteTests;
			sourceTree = "<group>";
		};
		2EDB42541AA32D5800EF0F2D /* Supporting Files */ = {
			isa = PBXGroup;
			children = (
				2EDB42551AA32D5800EF0F2D /* Info.plist */,
			);
			name = "Supporting Files";
			sourceTree = "<group>";
		};
/* End PBXGroup section */

/* Begin PBXNativeTarget section */
		2EDB423D1AA32D5800EF0F2D /* MotoRoute */ = {
			isa = PBXNativeTarget;
			buildConfigurationList = 2EDB425A1AA32D5800EF0F2D /* Build configuration list for PBXNativeTarget "MotoRoute" */;
			buildPhases = (
				2EDB423A1AA32D5800EF0F2D /* Sources */,
				2EDB423B1AA32D5800EF0F2D /* Frameworks */,
				2EDB423C1AA32D5800EF0F2D /* Resources */,
			);
			buildRules = (
			);
			dependencies = (
			);
			name = MotoRoute;
			productName = MotoRoute;
			productReference = 2EDB423E1AA32D5800EF0F2D /* MotoRoute.app */;
			productType = "com.apple.product-type.application";
		};
		2EDB424F1AA32D5800EF0F2D /* MotoRouteTests */ = {
			isa = PBXNativeTarget;
			buildConfigurationList = 2EDB425D1AA32D5800EF0F2D /* Build configuration list for PBXNativeTarget "MotoRouteTests" */;
			buildPhases = (
				2EDB424C1AA32D5800EF0F2D /* Sources */,
				2EDB424D1AA32D5800EF0F2D /* Frameworks */,
				2EDB424E1AA32D5800EF0F2D /* Resources */,
			);
			buildRules = (
			);
			dependencies = (
				2EDB42521AA32D5800EF0F2D /* PBXTargetDependency */,
			);
			name = MotoRouteTests;
			productName = MotoRouteTests;
			productReference = 2EDB42501AA32D5800EF0F2D /* MotoRouteTests.xctest */;
			productType = "com.apple.product-type.bundle.unit-test";
		};
/* End PBXNativeTarget section */

/* Begin PBXProject section */
		2EDB42361AA32D5800EF0F2D /* Project object */ = {
			isa = PBXProject;
			attributes = {
				LastUpgradeCheck = 0610;
				ORGANIZATIONNAME = "Raphael Bolliger";
				TargetAttributes = {
					2EDB423D1AA32D5800EF0F2D = {
						CreatedOnToolsVersion = 6.1;
					};
					2EDB424F1AA32D5800EF0F2D = {
						CreatedOnToolsVersion = 6.1;
						TestTargetID = 2EDB423D1AA32D5800EF0F2D;
					};
				};
			};
			buildConfigurationList = 2EDB42391AA32D5800EF0F2D /* Build configuration list for PBXProject "MotoRoute" */;
			compatibilityVersion = "Xcode 3.2";
			developmentRegion = English;
			hasScannedForEncodings = 0;
			knownRegions = (
				en,
				Base,
			);
			mainGroup = 2EDB42351AA32D5800EF0F2D;
			productRefGroup = 2EDB423F1AA32D5800EF0F2D /* Products */;
			projectDirPath = "";
			projectRoot = "";
			targets = (
				2EDB423D1AA32D5800EF0F2D /* MotoRoute */,
				2EDB424F1AA32D5800EF0F2D /* MotoRouteTests */,
			);
		};
/* End PBXProject section */

/* Begin PBXResourcesBuildPhase section */
		2EDB423C1AA32D5800EF0F2D /* Resources */ = {
			isa = PBXResourcesBuildPhase;
			buildActionMask = 2147483647;
			files = (
				2EDB42481AA32D5800EF0F2D /* Images.xcassets in Resources */,
				2EDB424B1AA32D5800EF0F2D /* Main.storyboard in Resources */,
			);
			runOnlyForDeploymentPostprocessing = 0;
		};
		2EDB424E1AA32D5800EF0F2D /* Resources */ = {
			isa = PBXResourcesBuildPhase;
			buildActionMask = 2147483647;
			files = (
			);
			runOnlyForDeploymentPostprocessing = 0;
		};
/* End PBXResourcesBuildPhase section */

/* Begin PBXSourcesBuildPhase section */
		2EDB423A1AA32D5800EF0F2D /* Sources */ = {
			isa = PBXSourcesBuildPhase;
			buildActionMask = 2147483647;
			files = (
				2EDB42461AA32D5800EF0F2D /* ViewController.swift in Sources */,
				2EDB42441AA32D5800EF0F2D /* AppDelegate.swift in Sources */,
			);
			runOnlyForDeploymentPostprocessing = 0;
		};
		2EDB424C1AA32D5800EF0F2D /* Sources */ = {
			isa = PBXSourcesBuildPhase;
			buildActionMask = 2147483647;
			files = (
				2EDB42571AA32D5800EF0F2D /* MotoRouteTests.swift in Sources */,
			);
			runOnlyForDeploymentPostprocessing = 0;
		};
/* End PBXSourcesBuildPhase section */

/* Begin PBXTargetDependency section */
		2EDB42521AA32D5800EF0F2D /* PBXTargetDependency */ = {
			isa = PBXTargetDependency;
			target = 2EDB423D1AA32D5800EF0F2D /* MotoRoute */;
			targetProxy = 2EDB42511AA32D5800EF0F2D /* PBXContainerItemProxy */;
		};
/* End PBXTargetDependency section */

/* Begin PBXVariantGroup section */
		2EDB42491AA32D5800EF0F2D /* Main.storyboard */ = {
			isa = PBXVariantGroup;
			children = (
				2EDB424A1AA32D5800EF0F2D /* Base */,
			);
			name = Main.storyboard;
			sourceTree = "<group>";
		};
/* End PBXVariantGroup section */

/* Begin XCBuildConfiguration section */
		2EDB42581AA32D5800EF0F2D /* Debug */ = {
			isa = XCBuildConfiguration;
			buildSettings = {
				ALWAYS_SEARCH_USER_PATHS = NO;
				CLANG_CXX_LANGUAGE_STANDARD = "gnu++0x";
				CLANG_CXX_LIBRARY = "libc++";
				CLANG_ENABLE_MODULES = YES;
				CLANG_ENABLE_OBJC_ARC = YES;
				CLANG_WARN_BOOL_CONVERSION = YES;
				CLANG_WARN_CONSTANT_CONVERSION = YES;
				CLANG_WARN_DIRECT_OBJC_ISA_USAGE = YES_ERROR;
				CLANG_WARN_EMPTY_BODY = YES;
				CLANG_WARN_ENUM_CONVERSION = YES;
				CLANG_WARN_INT_CONVERSION = YES;
				CLANG_WARN_OBJC_ROOT_CLASS = YES_ERROR;
				CLANG_WARN_UNREACHABLE_CODE = YES;
				CLANG_WARN__DUPLICATE_METHOD_MATCH = YES;
				CODE_SIGN_IDENTITY = "-";
				COPY_PHASE_STRIP = NO;
				ENABLE_STRICT_OBJC_MSGSEND = YES;
				GCC_C_LANGUAGE_STANDARD = gnu99;
				GCC_DYNAMIC_NO_PIC = NO;
				GCC_OPTIMIZATION_LEVEL = 0;
				GCC_PREPROCESSOR_DEFINITIONS = (
					"DEBUG=1",
					"$(inherited)",
				);
				GCC_SYMBOLS_PRIVATE_EXTERN = NO;
				GCC_WARN_64_TO_32_BIT_CONVERSION = YES;
				GCC_WARN_ABOUT_RETURN_TYPE = YES_ERROR;
				GCC_WARN_UNDECLARED_SELECTOR = YES;
				GCC_WARN_UNINITIALIZED_AUTOS = YES_AGGRESSIVE;
				GCC_WARN_UNUSED_FUNCTION = YES;
				GCC_WARN_UNUSED_VARIABLE = YES;
				MACOSX_DEPLOYMENT_TARGET = 10.10;
				MTL_ENABLE_DEBUG_INFO = YES;
				ONLY_ACTIVE_ARCH = YES;
				SDKROOT = macosx;
				SWIFT_OPTIMIZATION_LEVEL = "-Onone";
			};
			name = Debug;
		};
		2EDB42591AA32D5800EF0F2D /* Release */ = {
			isa = XCBuildConfiguration;
			buildSettings = {
				ALWAYS_SEARCH_USER_PATHS = NO;
				CLANG_CXX_LANGUAGE_STANDARD = "gnu++0x";
				CLANG_CXX_LIBRARY = "libc++";
				CLANG_ENABLE_MODULES = YES;
				CLANG_ENABLE_OBJC_ARC = YES;
				CLANG_WARN_BOOL_CONVERSION = YES;
				CLANG_WARN_CONSTANT_CONVERSION = YES;
				CLANG_WARN_DIRECT_OBJC_ISA_USAGE = YES_ERROR;
				CLANG_WARN_EMPTY_BODY = YES;
				CLANG_WARN_ENUM_CONVERSION = YES;
				CLANG_WARN_INT_CONVERSION = YES;
				CLANG_WARN_OBJC_ROOT_CLASS = YES_ERROR;
				CLANG_WARN_UNREACHABLE_CODE = YES;
				CLANG_WARN__DUPLICATE_METHOD_MATCH = YES;
				CODE_SIGN_IDENTITY = "-";
				COPY_PHASE_STRIP = YES;
				DEBUG_INFORMATION_FORMAT = "dwarf-with-dsym";
				ENABLE_NS_ASSERTIONS = NO;
				ENABLE_STRICT_OBJC_MSGSEND = YES;
				GCC_C_LANGUAGE_STANDARD = gnu99;
				GCC_WARN_64_TO_32_BIT_CONVERSION = YES;
				GCC_WARN_ABOUT_RETURN_TYPE = YES_ERROR;
				GCC_WARN_UNDECLARED_SELECTOR = YES;
				GCC_WARN_UNINITIALIZED_AUTOS = YES_AGGRESSIVE;
				GCC_WARN_UNUSED_FUNCTION = YES;
				GCC_WARN_UNUSED_VARIABLE = YES;
				MACOSX_DEPLOYMENT_TARGET = 10.10;
				MTL_ENABLE_DEBUG_INFO = NO;
				SDKROOT = macosx;
			};
			name = Release;
		};
		2EDB425B1AA32D5800EF0F2D /* Debug */ = {
			isa = XCBuildConfiguration;
			buildSettings = {
				ASSETCATALOG_COMPILER_APPICON_NAME = AppIcon;
				COMBINE_HIDPI_IMAGES = YES;
				INFOPLIST_FILE = MotoRoute/Info.plist;
				LD_RUNPATH_SEARCH_PATHS = "$(inherited) @executable_path/../Frameworks";
				PRODUCT_NAME = "$(TARGET_NAME)";
			};
			name = Debug;
		};
		2EDB425C1AA32D5800EF0F2D /* Release */ = {
			isa = XCBuildConfiguration;
			buildSettings = {
				ASSETCATALOG_COMPILER_APPICON_NAME = AppIcon;
				COMBINE_HIDPI_IMAGES = YES;
				INFOPLIST_FILE = MotoRoute/Info.plist;
				LD_RUNPATH_SEARCH_PATHS = "$(inherited) @executable_path/../Frameworks";
				PRODUCT_NAME = "$(TARGET_NAME)";
			};
			name = Release;
		};
		2EDB425E1AA32D5800EF0F2D /* Debug */ = {
			isa = XCBuildConfiguration;
			buildSettings = {
				BUNDLE_LOADER = "$(TEST_HOST)";
				COMBINE_HIDPI_IMAGES = YES;
				FRAMEWORK_SEARCH_PATHS = (
					"$(DEVELOPER_FRAMEWORKS_DIR)",
					"$(inherited)",
				);
				GCC_PREPROCESSOR_DEFINITIONS = (
					"DEBUG=1",
					"$(inherited)",
				);
				INFOPLIST_FILE = MotoRouteTests/Info.plist;
				LD_RUNPATH_SEARCH_PATHS = "$(inherited) @executable_path/../Frameworks @loader_path/../Frameworks";
				PRODUCT_NAME = "$(TARGET_NAME)";
				TEST_HOST = "$(BUILT_PRODUCTS_DIR)/MotoRoute.app/Contents/MacOS/MotoRoute";
			};
			name = Debug;
		};
		2EDB425F1AA32D5800EF0F2D /* Release */ = {
			isa = XCBuildConfiguration;
			buildSettings = {
				BUNDLE_LOADER = "$(TEST_HOST)";
				COMBINE_HIDPI_IMAGES = YES;
				FRAMEWORK_SEARCH_PATHS = (
					"$(DEVELOPER_FRAMEWORKS_DIR)",
					"$(inherited)",
				);
				INFOPLIST_FILE = MotoRouteTests/Info.plist;
				LD_RUNPATH_SEARCH_PATHS = "$(inherited) @executable_path/../Frameworks @loader_path/../Frameworks";
				PRODUCT_NAME = "$(TARGET_NAME)";
				TEST_HOST = "$(BUILT_PRODUCTS_DIR)/MotoRoute.app/Contents/MacOS/MotoRoute";
			};
			name = Release;
		};
/* End XCBuildConfiguration section */

/* Begin XCConfigurationList section */
		2EDB42391AA32D5800EF0F2D /* Build configuration list for PBXProject "MotoRoute" */ = {
			isa = XCConfigurationList;
			buildConfigurations = (
				2EDB42581AA32D5800EF0F2D /* Debug */,
				2EDB42591AA32D5800EF0F2D /* Release */,
			);
			defaultConfigurationIsVisible = 0;
			defaultConfigurationName = Release;
		};
		2EDB425A1AA32D5800EF0F2D /* Build configuration list for PBXNativeTarget "MotoRoute" */ = {
			isa = XCConfigurationList;
			buildConfigurations = (
				2EDB425B1AA32D5800EF0F2D /* Debug */,
				2EDB425C1AA32D5800EF0F2D /* Release */,
			);
			defaultConfigurationIsVisible = 0;
		};
		2EDB425D1AA32D5800EF0F2D /* Build configuration list for PBXNativeTarget "MotoRouteTests" */ = {
			isa = XCConfigurationList;
			buildConfigurations = (
				2EDB425E1AA32D5800EF0F2D /* Debug */,
				2EDB425F1AA32D5800EF0F2D /* Release */,
			);
			defaultConfigurationIsVisible = 0;
		};
/* End XCConfigurationList section */
	};
	rootObject = 2EDB42361AA32D5800EF0F2D /* Project object */;
}
